
Microsoft Visual Studio Solution File, Format Version 12.00
# Visual Studio Version 16
VisualStudioVersion = 16.0.30413.136
MinimumVisualStudioVersion = 10.0.40219.1
Project("{8BC9CEB8-8B4A-11D0-8D11-00A0C91BC942}") = "week5send1", "week5send1\week5send1.vcxproj", "{28C47820-2DFF-4EC5-B6EE-7DDBB57D3382}"
EndProject
Global
	GlobalSection(SolutionConfigurationPlatforms) = preSolution
		Debug|x64 = Debug|x64
		Debug|x86 = Debug|x86
		Release|x64 = Release|x64
		Release|x86 = Release|x86
	EndGlobalSection
	GlobalSection(ProjectConfigurationPlatforms) = postSolution
		{28C47820-2DFF-4EC5-B6EE-7DDBB57D3382}.Debug|x64.ActiveCfg = Debug|x64
		{28C47820-2DFF-4EC5-B6EE-7DDBB57D3382}.Debug|x64.Build.0 = Debug|x64
		{28C47820-2DFF-4EC5-B6EE-7DDBB57D3382}.Debug|x86.ActiveCfg = Debug|Win32
		{28C47820-2DFF-4EC5-B6EE-7DDBB57D3382}.Debug|x86.Build.0 = Debug|Win32
		{28C47820-2DFF-4EC5-B6EE-7DDBB57D3382}.Release|x64.ActiveCfg = Release|x64
		{28C47820-2DFF-4EC5-B6EE-7DDBB57D3382}.Release|x64.Build.0 = Release|x64
		{28C47820-2DFF-4EC5-B6EE-7DDBB57D3382}.Release|x86.ActiveCfg = Release|Win32
		{28C47820-2DFF-4EC5-B6EE-7DDBB57D3382}.Release|x86.Build.0 = Release|Win32
	EndGlobalSection
	GlobalSection(SolutionProperties) = preSolution
		HideSolutionNode = FALSE
	EndGlobalSection
	GlobalSection(ExtensibilityGlobals) = postSolution
		SolutionGuid = {6F889E29-1E1C-4057-810F-9122D6228C2E}
	EndGlobalSection
EndGlobal
